
Microsoft Visual Studio Solution File, Format Version 12.00
# Visual Studio 2012
Project("{FAE04EC0-301F-11D3-BF4B-00C04F79EFBC}") = "Odey.ReconciliationServices", "Odey.ReconciliationServices\Odey.ReconciliationServices.csproj", "{B4CCD4CF-9F24-4265-B24C-D790F5DB9758}"
EndProject
Project("{FAE04EC0-301F-11D3-BF4B-00C04F79EFBC}") = "Testing", "Testing\Testing.csproj", "{708545D8-A007-4BBF-A18C-70429F88DA88}"
EndProject
Project("{FAE04EC0-301F-11D3-BF4B-00C04F79EFBC}") = "Odey.ReconciliationServices.FMKeeleyReconciliationService", "Odey.ReconcilationServices.FMKeeleyReconcilationService\Odey.ReconciliationServices.FMKeeleyReconciliationService.csproj", "{A8DB4F98-D955-4B77-A8CF-92F3D4424097}"
EndProject
Project("{FAE04EC0-301F-11D3-BF4B-00C04F79EFBC}") = "Odey.ReconciliationServices.Contracts", "Odey.ReconcilationService.Contracts\Odey.ReconciliationServices.Contracts.csproj", "{D87B7FD6-CCFF-4DFA-9F00-04F686016E90}"
EndProject
Project("{FAE04EC0-301F-11D3-BF4B-00C04F79EFBC}") = "Odey.ReconciliationServices.Clients", "Odey.ReconcilationServices.Clients\Odey.ReconciliationServices.Clients.csproj", "{308D646B-9E1B-44C2-B89A-710AAE5E103A}"
EndProject
Project("{FAE04EC0-301F-11D3-BF4B-00C04F79EFBC}") = "Odey.ReconciliationServices.EZEReconciliationService", "Odey.ReconciliationServices.EZEReconciliationService\Odey.ReconciliationServices.EZEReconciliationService.csproj", "{C2FF7789-4E01-4067-80B8-177597A3F68A}"
EndProject
Project("{FAE04EC0-301F-11D3-BF4B-00C04F79EFBC}") = "Odey.ReconciliationServices.ValuationReconciliationService", "Odey.ReconciliationServices.ValuationReconciliationService\Odey.ReconciliationServices.ValuationReconciliationService.csproj", "{FFCCCEFD-BC50-443F-A405-D2A84C0CC755}"
EndProject
Project("{FAE04EC0-301F-11D3-BF4B-00C04F79EFBC}") = "Odey.ReconciliationServices.ClientPortfolioReconciliationService", "Odey.ReconciliationServices.ClientPortfolioReconciliationService\Odey.ReconciliationServices.ClientPortfolioReconciliationService.csproj", "{6700C148-3795-4A8B-BB6F-D6E50B777A2D}"
EndProject
Project("{2150E333-8FDC-42A3-9474-1A3956D46DE8}") = ".nuget", ".nuget", "{37DEC33A-BB5C-4040-A624-0350A05DB88E}"
	ProjectSection(SolutionItems) = preProject
		.nuget\NuGet.Config = .nuget\NuGet.Config
		.nuget\NuGet.exe = .nuget\NuGet.exe
		.nuget\NuGet.targets = .nuget\NuGet.targets
	EndProjectSection
EndProject
Global
	GlobalSection(SolutionConfigurationPlatforms) = preSolution
		Debug|Any CPU = Debug|Any CPU
		Debug|Mixed Platforms = Debug|Mixed Platforms
		Debug|x86 = Debug|x86
		Release|Any CPU = Release|Any CPU
		Release|Mixed Platforms = Release|Mixed Platforms
		Release|x86 = Release|x86
		UAT|Any CPU = UAT|Any CPU
		UAT|Mixed Platforms = UAT|Mixed Platforms
		UAT|x86 = UAT|x86
	EndGlobalSection
	GlobalSection(ProjectConfigurationPlatforms) = postSolution
		{B4CCD4CF-9F24-4265-B24C-D790F5DB9758}.Debug|Any CPU.ActiveCfg = Debug|Any CPU
		{B4CCD4CF-9F24-4265-B24C-D790F5DB9758}.Debug|Any CPU.Build.0 = Debug|Any CPU
		{B4CCD4CF-9F24-4265-B24C-D790F5DB9758}.Debug|Mixed Platforms.ActiveCfg = Debug|Any CPU
		{B4CCD4CF-9F24-4265-B24C-D790F5DB9758}.Debug|Mixed Platforms.Build.0 = Debug|Any CPU
		{B4CCD4CF-9F24-4265-B24C-D790F5DB9758}.Debug|x86.ActiveCfg = Debug|Any CPU
		{B4CCD4CF-9F24-4265-B24C-D790F5DB9758}.Release|Any CPU.ActiveCfg = Release|Any CPU
		{B4CCD4CF-9F24-4265-B24C-D790F5DB9758}.Release|Any CPU.Build.0 = Release|Any CPU
		{B4CCD4CF-9F24-4265-B24C-D790F5DB9758}.Release|Mixed Platforms.ActiveCfg = Release|Any CPU
		{B4CCD4CF-9F24-4265-B24C-D790F5DB9758}.Release|Mixed Platforms.Build.0 = Release|Any CPU
		{B4CCD4CF-9F24-4265-B24C-D790F5DB9758}.Release|x86.ActiveCfg = Release|Any CPU
		{B4CCD4CF-9F24-4265-B24C-D790F5DB9758}.UAT|Any CPU.ActiveCfg = UAT|Any CPU
		{B4CCD4CF-9F24-4265-B24C-D790F5DB9758}.UAT|Any CPU.Build.0 = UAT|Any CPU
		{B4CCD4CF-9F24-4265-B24C-D790F5DB9758}.UAT|Mixed Platforms.ActiveCfg = UAT|Any CPU
		{B4CCD4CF-9F24-4265-B24C-D790F5DB9758}.UAT|Mixed Platforms.Build.0 = UAT|Any CPU
		{B4CCD4CF-9F24-4265-B24C-D790F5DB9758}.UAT|x86.ActiveCfg = UAT|Any CPU
		{708545D8-A007-4BBF-A18C-70429F88DA88}.Debug|Any CPU.ActiveCfg = Debug|Any CPU
		{708545D8-A007-4BBF-A18C-70429F88DA88}.Debug|Any CPU.Build.0 = Debug|Any CPU
		{708545D8-A007-4BBF-A18C-70429F88DA88}.Debug|Mixed Platforms.ActiveCfg = Debug|Any CPU
		{708545D8-A007-4BBF-A18C-70429F88DA88}.Debug|Mixed Platforms.Build.0 = Debug|Any CPU
		{708545D8-A007-4BBF-A18C-70429F88DA88}.Debug|x86.ActiveCfg = Debug|Any CPU
		{708545D8-A007-4BBF-A18C-70429F88DA88}.Release|Any CPU.ActiveCfg = Release|Any CPU
		{708545D8-A007-4BBF-A18C-70429F88DA88}.Release|Any CPU.Build.0 = Release|Any CPU
		{708545D8-A007-4BBF-A18C-70429F88DA88}.Release|Mixed Platforms.ActiveCfg = Release|Any CPU
		{708545D8-A007-4BBF-A18C-70429F88DA88}.Release|Mixed Platforms.Build.0 = Release|Any CPU
		{708545D8-A007-4BBF-A18C-70429F88DA88}.Release|x86.ActiveCfg = Release|Any CPU
		{708545D8-A007-4BBF-A18C-70429F88DA88}.UAT|Any CPU.ActiveCfg = UAT|Any CPU
		{708545D8-A007-4BBF-A18C-70429F88DA88}.UAT|Any CPU.Build.0 = UAT|Any CPU
		{708545D8-A007-4BBF-A18C-70429F88DA88}.UAT|Mixed Platforms.ActiveCfg = UAT|Any CPU
		{708545D8-A007-4BBF-A18C-70429F88DA88}.UAT|Mixed Platforms.Build.0 = UAT|Any CPU
		{708545D8-A007-4BBF-A18C-70429F88DA88}.UAT|x86.ActiveCfg = UAT|Any CPU
		{A8DB4F98-D955-4B77-A8CF-92F3D4424097}.Debug|Any CPU.ActiveCfg = Debug|Any CPU
		{A8DB4F98-D955-4B77-A8CF-92F3D4424097}.Debug|Any CPU.Build.0 = Debug|Any CPU
		{A8DB4F98-D955-4B77-A8CF-92F3D4424097}.Debug|Mixed Platforms.ActiveCfg = Debug|Any CPU
		{A8DB4F98-D955-4B77-A8CF-92F3D4424097}.Debug|Mixed Platforms.Build.0 = Debug|Any CPU
		{A8DB4F98-D955-4B77-A8CF-92F3D4424097}.Debug|x86.ActiveCfg = Debug|Any CPU
		{A8DB4F98-D955-4B77-A8CF-92F3D4424097}.Release|Any CPU.ActiveCfg = Release|Any CPU
		{A8DB4F98-D955-4B77-A8CF-92F3D4424097}.Release|Any CPU.Build.0 = Release|Any CPU
		{A8DB4F98-D955-4B77-A8CF-92F3D4424097}.Release|Mixed Platforms.ActiveCfg = Release|Any CPU
		{A8DB4F98-D955-4B77-A8CF-92F3D4424097}.Release|Mixed Platforms.Build.0 = Release|Any CPU
		{A8DB4F98-D955-4B77-A8CF-92F3D4424097}.Release|x86.ActiveCfg = Release|Any CPU
		{A8DB4F98-D955-4B77-A8CF-92F3D4424097}.UAT|Any CPU.ActiveCfg = UAT|Any CPU
		{A8DB4F98-D955-4B77-A8CF-92F3D4424097}.UAT|Any CPU.Build.0 = UAT|Any CPU
		{A8DB4F98-D955-4B77-A8CF-92F3D4424097}.UAT|Mixed Platforms.ActiveCfg = UAT|Any CPU
		{A8DB4F98-D955-4B77-A8CF-92F3D4424097}.UAT|Mixed Platforms.Build.0 = UAT|Any CPU
		{A8DB4F98-D955-4B77-A8CF-92F3D4424097}.UAT|x86.ActiveCfg = UAT|Any CPU
		{D87B7FD6-CCFF-4DFA-9F00-04F686016E90}.Debug|Any CPU.ActiveCfg = Debug|Any CPU
		{D87B7FD6-CCFF-4DFA-9F00-04F686016E90}.Debug|Any CPU.Build.0 = Debug|Any CPU
		{D87B7FD6-CCFF-4DFA-9F00-04F686016E90}.Debug|Mixed Platforms.ActiveCfg = Debug|Any CPU
		{D87B7FD6-CCFF-4DFA-9F00-04F686016E90}.Debug|Mixed Platforms.Build.0 = Debug|Any CPU
		{D87B7FD6-CCFF-4DFA-9F00-04F686016E90}.Debug|x86.ActiveCfg = Debug|Any CPU
		{D87B7FD6-CCFF-4DFA-9F00-04F686016E90}.Release|Any CPU.ActiveCfg = Release|Any CPU
		{D87B7FD6-CCFF-4DFA-9F00-04F686016E90}.Release|Any CPU.Build.0 = Release|Any CPU
		{D87B7FD6-CCFF-4DFA-9F00-04F686016E90}.Release|Mixed Platforms.ActiveCfg = Release|Any CPU
		{D87B7FD6-CCFF-4DFA-9F00-04F686016E90}.Release|Mixed Platforms.Build.0 = Release|Any CPU
		{D87B7FD6-CCFF-4DFA-9F00-04F686016E90}.Release|x86.ActiveCfg = Release|Any CPU
		{D87B7FD6-CCFF-4DFA-9F00-04F686016E90}.UAT|Any CPU.ActiveCfg = UAT|Any CPU
		{D87B7FD6-CCFF-4DFA-9F00-04F686016E90}.UAT|Any CPU.Build.0 = UAT|Any CPU
		{D87B7FD6-CCFF-4DFA-9F00-04F686016E90}.UAT|Mixed Platforms.ActiveCfg = UAT|Any CPU
		{D87B7FD6-CCFF-4DFA-9F00-04F686016E90}.UAT|Mixed Platforms.Build.0 = UAT|Any CPU
		{D87B7FD6-CCFF-4DFA-9F00-04F686016E90}.UAT|x86.ActiveCfg = UAT|Any CPU
		{308D646B-9E1B-44C2-B89A-710AAE5E103A}.Debug|Any CPU.ActiveCfg = Debug|Any CPU
		{308D646B-9E1B-44C2-B89A-710AAE5E103A}.Debug|Any CPU.Build.0 = Debug|Any CPU
		{308D646B-9E1B-44C2-B89A-710AAE5E103A}.Debug|Mixed Platforms.ActiveCfg = Debug|Any CPU
		{308D646B-9E1B-44C2-B89A-710AAE5E103A}.Debug|Mixed Platforms.Build.0 = Debug|Any CPU
		{308D646B-9E1B-44C2-B89A-710AAE5E103A}.Debug|x86.ActiveCfg = Debug|Any CPU
		{308D646B-9E1B-44C2-B89A-710AAE5E103A}.Release|Any CPU.ActiveCfg = Release|Any CPU
		{308D646B-9E1B-44C2-B89A-710AAE5E103A}.Release|Any CPU.Build.0 = Release|Any CPU
		{308D646B-9E1B-44C2-B89A-710AAE5E103A}.Release|Mixed Platforms.ActiveCfg = Release|Any CPU
		{308D646B-9E1B-44C2-B89A-710AAE5E103A}.Release|Mixed Platforms.Build.0 = Release|Any CPU
		{308D646B-9E1B-44C2-B89A-710AAE5E103A}.Release|x86.ActiveCfg = Release|Any CPU
		{308D646B-9E1B-44C2-B89A-710AAE5E103A}.UAT|Any CPU.ActiveCfg = UAT|Any CPU
		{308D646B-9E1B-44C2-B89A-710AAE5E103A}.UAT|Any CPU.Build.0 = UAT|Any CPU
		{308D646B-9E1B-44C2-B89A-710AAE5E103A}.UAT|Mixed Platforms.ActiveCfg = UAT|Any CPU
		{308D646B-9E1B-44C2-B89A-710AAE5E103A}.UAT|Mixed Platforms.Build.0 = UAT|Any CPU
		{308D646B-9E1B-44C2-B89A-710AAE5E103A}.UAT|x86.ActiveCfg = UAT|Any CPU
		{C2FF7789-4E01-4067-80B8-177597A3F68A}.Debug|Any CPU.ActiveCfg = Debug|Any CPU
		{C2FF7789-4E01-4067-80B8-177597A3F68A}.Debug|Any CPU.Build.0 = Debug|Any CPU
		{C2FF7789-4E01-4067-80B8-177597A3F68A}.Debug|Mixed Platforms.ActiveCfg = Debug|Any CPU
		{C2FF7789-4E01-4067-80B8-177597A3F68A}.Debug|Mixed Platforms.Build.0 = Debug|Any CPU
		{C2FF7789-4E01-4067-80B8-177597A3F68A}.Debug|x86.ActiveCfg = Debug|Any CPU
		{C2FF7789-4E01-4067-80B8-177597A3F68A}.Release|Any CPU.ActiveCfg = Release|Any CPU
		{C2FF7789-4E01-4067-80B8-177597A3F68A}.Release|Any CPU.Build.0 = Release|Any CPU
		{C2FF7789-4E01-4067-80B8-177597A3F68A}.Release|Mixed Platforms.ActiveCfg = Release|Any CPU
		{C2FF7789-4E01-4067-80B8-177597A3F68A}.Release|Mixed Platforms.Build.0 = Release|Any CPU
		{C2FF7789-4E01-4067-80B8-177597A3F68A}.Release|x86.ActiveCfg = Release|Any CPU
		{C2FF7789-4E01-4067-80B8-177597A3F68A}.UAT|Any CPU.ActiveCfg = UAT|Any CPU
		{C2FF7789-4E01-4067-80B8-177597A3F68A}.UAT|Any CPU.Build.0 = UAT|Any CPU
		{C2FF7789-4E01-4067-80B8-177597A3F68A}.UAT|Mixed Platforms.ActiveCfg = UAT|Any CPU
		{C2FF7789-4E01-4067-80B8-177597A3F68A}.UAT|Mixed Platforms.Build.0 = UAT|Any CPU
		{C2FF7789-4E01-4067-80B8-177597A3F68A}.UAT|x86.ActiveCfg = UAT|Any CPU
		{FFCCCEFD-BC50-443F-A405-D2A84C0CC755}.Debug|Any CPU.ActiveCfg = Debug|Any CPU
		{FFCCCEFD-BC50-443F-A405-D2A84C0CC755}.Debug|Any CPU.Build.0 = Debug|Any CPU
		{FFCCCEFD-BC50-443F-A405-D2A84C0CC755}.Debug|Mixed Platforms.ActiveCfg = Debug|Any CPU
		{FFCCCEFD-BC50-443F-A405-D2A84C0CC755}.Debug|Mixed Platforms.Build.0 = Debug|Any CPU
		{FFCCCEFD-BC50-443F-A405-D2A84C0CC755}.Debug|x86.ActiveCfg = Debug|Any CPU
		{FFCCCEFD-BC50-443F-A405-D2A84C0CC755}.Release|Any CPU.ActiveCfg = Release|Any CPU
		{FFCCCEFD-BC50-443F-A405-D2A84C0CC755}.Release|Any CPU.Build.0 = Release|Any CPU
		{FFCCCEFD-BC50-443F-A405-D2A84C0CC755}.Release|Mixed Platforms.ActiveCfg = Release|Any CPU
		{FFCCCEFD-BC50-443F-A405-D2A84C0CC755}.Release|Mixed Platforms.Build.0 = Release|Any CPU
		{FFCCCEFD-BC50-443F-A405-D2A84C0CC755}.Release|x86.ActiveCfg = Release|Any CPU
		{FFCCCEFD-BC50-443F-A405-D2A84C0CC755}.UAT|Any CPU.ActiveCfg = UAT|Any CPU
		{FFCCCEFD-BC50-443F-A405-D2A84C0CC755}.UAT|Any CPU.Build.0 = UAT|Any CPU
		{FFCCCEFD-BC50-443F-A405-D2A84C0CC755}.UAT|Mixed Platforms.ActiveCfg = UAT|Any CPU
		{FFCCCEFD-BC50-443F-A405-D2A84C0CC755}.UAT|Mixed Platforms.Build.0 = UAT|Any CPU
		{FFCCCEFD-BC50-443F-A405-D2A84C0CC755}.UAT|x86.ActiveCfg = UAT|Any CPU
		{6700C148-3795-4A8B-BB6F-D6E50B777A2D}.Debug|Any CPU.ActiveCfg = Debug|Any CPU
		{6700C148-3795-4A8B-BB6F-D6E50B777A2D}.Debug|Any CPU.Build.0 = Debug|Any CPU
		{6700C148-3795-4A8B-BB6F-D6E50B777A2D}.Debug|Mixed Platforms.ActiveCfg = Debug|Any CPU
		{6700C148-3795-4A8B-BB6F-D6E50B777A2D}.Debug|Mixed Platforms.Build.0 = Debug|Any CPU
		{6700C148-3795-4A8B-BB6F-D6E50B777A2D}.Debug|x86.ActiveCfg = Debug|Any CPU
		{6700C148-3795-4A8B-BB6F-D6E50B777A2D}.Release|Any CPU.ActiveCfg = Release|Any CPU
		{6700C148-3795-4A8B-BB6F-D6E50B777A2D}.Release|Any CPU.Build.0 = Release|Any CPU
		{6700C148-3795-4A8B-BB6F-D6E50B777A2D}.Release|Mixed Platforms.ActiveCfg = Release|Any CPU
		{6700C148-3795-4A8B-BB6F-D6E50B777A2D}.Release|Mixed Platforms.Build.0 = Release|Any CPU
		{6700C148-3795-4A8B-BB6F-D6E50B777A2D}.Release|x86.ActiveCfg = Release|Any CPU
		{6700C148-3795-4A8B-BB6F-D6E50B777A2D}.UAT|Any CPU.ActiveCfg = UAT|Any CPU
		{6700C148-3795-4A8B-BB6F-D6E50B777A2D}.UAT|Any CPU.Build.0 = UAT|Any CPU
		{6700C148-3795-4A8B-BB6F-D6E50B777A2D}.UAT|Mixed Platforms.ActiveCfg = UAT|Any CPU
		{6700C148-3795-4A8B-BB6F-D6E50B777A2D}.UAT|Mixed Platforms.Build.0 = UAT|Any CPU
		{6700C148-3795-4A8B-BB6F-D6E50B777A2D}.UAT|x86.ActiveCfg = UAT|Any CPU
	EndGlobalSection
	GlobalSection(SolutionProperties) = preSolution
		HideSolutionNode = FALSE
	EndGlobalSection
	GlobalSection(ExtensibilityGlobals) = postSolution
		VisualSVNWorkingCopyRoot = .
	EndGlobalSection
EndGlobal
